
Microsoft Visual Studio Solution File, Format Version 12.00
# Visual Studio 15
VisualStudioVersion = 15.0.27428.2015
MinimumVisualStudioVersion = 10.0.40219.1
Project("{9A19103F-16F7-4668-BE54-9A1E7A4F7556}") = "CosmosPlaySQLAPI", "CosmosPlay\CosmosPlaySQLAPI.csproj", "{1615B053-DE09-408E-A2AF-16F9935995DF}"
EndProject
Project("{FAE04EC0-301F-11D3-BF4B-00C04F79EFBC}") = "KibanaPlay", "KibanaPlay\KibanaPlay.csproj", "{D79F1D5F-58C2-48BD-AEA0-5ACC9F271E97}"
	ProjectSection(ProjectDependencies) = postProject
		{1615B053-DE09-408E-A2AF-16F9935995DF} = {1615B053-DE09-408E-A2AF-16F9935995DF}
	EndProjectSection
EndProject
Project("{FAE04EC0-301F-11D3-BF4B-00C04F79EFBC}") = "CosmosTableAPI", "CosmosTableAPI\CosmosTableAPI.csproj", "{67E06780-9527-46B3-AA39-639390022392}"
EndProject
Global
	GlobalSection(SolutionConfigurationPlatforms) = preSolution
		Debug|Any CPU = Debug|Any CPU
		Release|Any CPU = Release|Any CPU
	EndGlobalSection
	GlobalSection(ProjectConfigurationPlatforms) = postSolution
		{1615B053-DE09-408E-A2AF-16F9935995DF}.Debug|Any CPU.ActiveCfg = Debug|Any CPU
		{1615B053-DE09-408E-A2AF-16F9935995DF}.Debug|Any CPU.Build.0 = Debug|Any CPU
		{1615B053-DE09-408E-A2AF-16F9935995DF}.Release|Any CPU.ActiveCfg = Release|Any CPU
		{1615B053-DE09-408E-A2AF-16F9935995DF}.Release|Any CPU.Build.0 = Release|Any CPU
		{D79F1D5F-58C2-48BD-AEA0-5ACC9F271E97}.Debug|Any CPU.ActiveCfg = Debug|Any CPU
		{D79F1D5F-58C2-48BD-AEA0-5ACC9F271E97}.Debug|Any CPU.Build.0 = Debug|Any CPU
		{D79F1D5F-58C2-48BD-AEA0-5ACC9F271E97}.Release|Any CPU.ActiveCfg = Release|Any CPU
		{D79F1D5F-58C2-48BD-AEA0-5ACC9F271E97}.Release|Any CPU.Build.0 = Release|Any CPU
		{67E06780-9527-46B3-AA39-639390022392}.Debug|Any CPU.ActiveCfg = Debug|Any CPU
		{67E06780-9527-46B3-AA39-639390022392}.Debug|Any CPU.Build.0 = Debug|Any CPU
		{67E06780-9527-46B3-AA39-639390022392}.Release|Any CPU.ActiveCfg = Release|Any CPU
		{67E06780-9527-46B3-AA39-639390022392}.Release|Any CPU.Build.0 = Release|Any CPU
	EndGlobalSection
	GlobalSection(SolutionProperties) = preSolution
		HideSolutionNode = FALSE
	EndGlobalSection
	GlobalSection(ExtensibilityGlobals) = postSolution
		SolutionGuid = {C7BEC9EA-92EF-40FC-BEE1-3C9910199A04}
	EndGlobalSection
EndGlobal
